
Microsoft Visual Studio Solution File, Format Version 12.00
# Visual Studio Version 17
VisualStudioVersion = 17.7.34202.233
MinimumVisualStudioVersion = 10.0.40219.1
Project("{FAE04EC0-301F-11D3-BF4B-00C04F79EFBC}") = "RestApi_Assignment1", "RestApi_Assignment1\RestApi_Assignment1.csproj", "{ABB6325E-EDE7-4B5A-AB88-9A632B5C312C}"
EndProject
Global
	GlobalSection(SolutionConfigurationPlatforms) = preSolution
		Debug|Any CPU = Debug|Any CPU
		Release|Any CPU = Release|Any CPU
	EndGlobalSection
	GlobalSection(ProjectConfigurationPlatforms) = postSolution
		{ABB6325E-EDE7-4B5A-AB88-9A632B5C312C}.Debug|Any CPU.ActiveCfg = Debug|Any CPU
		{ABB6325E-EDE7-4B5A-AB88-9A632B5C312C}.Debug|Any CPU.Build.0 = Debug|Any CPU
		{ABB6325E-EDE7-4B5A-AB88-9A632B5C312C}.Release|Any CPU.ActiveCfg = Release|Any CPU
		{ABB6325E-EDE7-4B5A-AB88-9A632B5C312C}.Release|Any CPU.Build.0 = Release|Any CPU
	EndGlobalSection
	GlobalSection(SolutionProperties) = preSolution
		HideSolutionNode = FALSE
	EndGlobalSection
	GlobalSection(ExtensibilityGlobals) = postSolution
		SolutionGuid = {A1BE51DB-AFDB-406A-8217-2FA7A09A55C3}
	EndGlobalSection
EndGlobal
